// !$*UTF8*$!
{
	archiveVersion = 1;
	classes = {
	};
	objectVersion = 46;
	objects = {

/* Begin PBXBuildFile section */
		43F33F5F1BE1A59A00AD6AF9 /* AppDelegate.swift in Sources */ = {isa = PBXBuildFile; fileRef = 43F33F5E1BE1A59A00AD6AF9 /* AppDelegate.swift */; };
		43F33F641BE1A59A00AD6AF9 /* Main.storyboard in Resources */ = {isa = PBXBuildFile; fileRef = 43F33F621BE1A59A00AD6AF9 /* Main.storyboard */; };
		43F33F671BE1A59A00AD6AF9 /* izhihu.xcdatamodeld in Sources */ = {isa = PBXBuildFile; fileRef = 43F33F651BE1A59A00AD6AF9 /* izhihu.xcdatamodeld */; };
		43F33F691BE1A59A00AD6AF9 /* Assets.xcassets in Resources */ = {isa = PBXBuildFile; fileRef = 43F33F681BE1A59A00AD6AF9 /* Assets.xcassets */; };
		43F33F6C1BE1A59A00AD6AF9 /* LaunchScreen.storyboard in Resources */ = {isa = PBXBuildFile; fileRef = 43F33F6A1BE1A59A00AD6AF9 /* LaunchScreen.storyboard */; };
		43F33FAA1BE1A62700AD6AF9 /* Alamofire.framework in Frameworks */ = {isa = PBXBuildFile; fileRef = 43F33F801BE1A5FE00AD6AF9 /* Alamofire.framework */; };
		43F33FAB1BE1A62700AD6AF9 /* Alamofire.framework in Embed Frameworks */ = {isa = PBXBuildFile; fileRef = 43F33F801BE1A5FE00AD6AF9 /* Alamofire.framework */; settings = {ATTRIBUTES = (CodeSignOnCopy, RemoveHeadersOnCopy, ); }; };
		43F33FB31BE1A9A200AD6AF9 /* zhihuNewsTableViewController.swift in Sources */ = {isa = PBXBuildFile; fileRef = 43F33FB21BE1A9A200AD6AF9 /* zhihuNewsTableViewController.swift */; };
		43F33FC81BE224A000AD6AF9 /* ImageLoader.swift in Sources */ = {isa = PBXBuildFile; fileRef = 43F33FC71BE224A000AD6AF9 /* ImageLoader.swift */; };
		43FF28161BE30DCE009A1165 /* zhihuTableViewCell.swift in Sources */ = {isa = PBXBuildFile; fileRef = 43FF28141BE30DCE009A1165 /* zhihuTableViewCell.swift */; };
		43FF28171BE30DCE009A1165 /* zhihuTableViewCell.xib in Resources */ = {isa = PBXBuildFile; fileRef = 43FF28151BE30DCE009A1165 /* zhihuTableViewCell.xib */; };
		43FF28201BE31459009A1165 /* SwiftyJSON.swift in Sources */ = {isa = PBXBuildFile; fileRef = 43FF281F1BE31459009A1165 /* SwiftyJSON.swift */; };
		43FF28251BE317B3009A1165 /* zhihuNewsDetailControllerViewController.swift in Sources */ = {isa = PBXBuildFile; fileRef = 43FF28241BE317B3009A1165 /* zhihuNewsDetailControllerViewController.swift */; };
		43FF28311BE34950009A1165 /* welcomeViewController.swift in Sources */ = {isa = PBXBuildFile; fileRef = 43FF28301BE34950009A1165 /* welcomeViewController.swift */; };
		43FF28331BE34A02009A1165 /* utils.swift in Sources */ = {isa = PBXBuildFile; fileRef = 43FF28321BE34A02009A1165 /* utils.swift */; };
/* End PBXBuildFile section */

/* Begin PBXContainerItemProxy section */
		43F33F7F1BE1A5FE00AD6AF9 /* PBXContainerItemProxy */ = {
			isa = PBXContainerItemProxy;
			containerPortal = 43F33F751BE1A5FE00AD6AF9 /* Alamofire.xcodeproj */;
			proxyType = 2;
			remoteGlobalIDString = F8111E3319A95C8B0040E7D1;
			remoteInfo = "Alamofire iOS";
		};
		43F33F811BE1A5FE00AD6AF9 /* PBXContainerItemProxy */ = {
			isa = PBXContainerItemProxy;
			containerPortal = 43F33F751BE1A5FE00AD6AF9 /* Alamofire.xcodeproj */;
			proxyType = 2;
			remoteGlobalIDString = F8111E3E19A95C8B0040E7D1;
			remoteInfo = "Alamofire iOS Tests";
		};
		43F33F831BE1A5FE00AD6AF9 /* PBXContainerItemProxy */ = {
			isa = PBXContainerItemProxy;
			containerPortal = 43F33F751BE1A5FE00AD6AF9 /* Alamofire.xcodeproj */;
			proxyType = 2;
			remoteGlobalIDString = 4DD67C0B1A5C55C900ED2280;
			remoteInfo = "Alamofire OSX";
		};
		43F33F851BE1A5FE00AD6AF9 /* PBXContainerItemProxy */ = {
			isa = PBXContainerItemProxy;
			containerPortal = 43F33F751BE1A5FE00AD6AF9 /* Alamofire.xcodeproj */;
			proxyType = 2;
			remoteGlobalIDString = F829C6B21A7A94F100A2CD59;
			remoteInfo = "Alamofire OSX Tests";
		};
		43F33F871BE1A5FE00AD6AF9 /* PBXContainerItemProxy */ = {
			isa = PBXContainerItemProxy;
			containerPortal = 43F33F751BE1A5FE00AD6AF9 /* Alamofire.xcodeproj */;
			proxyType = 2;
			remoteGlobalIDString = 4CF626EF1BA7CB3E0011A099;
			remoteInfo = "Alamofire tvOS";
		};
		43F33F891BE1A5FE00AD6AF9 /* PBXContainerItemProxy */ = {
			isa = PBXContainerItemProxy;
			containerPortal = 43F33F751BE1A5FE00AD6AF9 /* Alamofire.xcodeproj */;
			proxyType = 2;
			remoteGlobalIDString = 4CF626F81BA7CB3E0011A099;
			remoteInfo = "Alamofire tvOS Tests";
		};
		43F33F8B1BE1A5FE00AD6AF9 /* PBXContainerItemProxy */ = {
			isa = PBXContainerItemProxy;
			containerPortal = 43F33F751BE1A5FE00AD6AF9 /* Alamofire.xcodeproj */;
			proxyType = 2;
			remoteGlobalIDString = E4202FE01B667AA100C997FB;
			remoteInfo = "Alamofire watchOS";
		};
		43F33FAC1BE1A62700AD6AF9 /* PBXContainerItemProxy */ = {
			isa = PBXContainerItemProxy;
			containerPortal = 43F33F751BE1A5FE00AD6AF9 /* Alamofire.xcodeproj */;
			proxyType = 1;
			remoteGlobalIDString = F8111E3219A95C8B0040E7D1;
			remoteInfo = "Alamofire iOS";
		};
/* End PBXContainerItemProxy section */

/* Begin PBXCopyFilesBuildPhase section */
		43F33FA91BE1A61C00AD6AF9 /* Embed Frameworks */ = {
			isa = PBXCopyFilesBuildPhase;
			buildActionMask = 2147483647;
			dstPath = "";
			dstSubfolderSpec = 10;
			files = (
				43F33FAB1BE1A62700AD6AF9 /* Alamofire.framework in Embed Frameworks */,
			);
			name = "Embed Frameworks";
			runOnlyForDeploymentPostprocessing = 0;
		};
/* End PBXCopyFilesBuildPhase section */

/* Begin PBXFileReference section */
		43F33F5B1BE1A59A00AD6AF9 /* izhihu.app */ = {isa = PBXFileReference; explicitFileType = wrapper.application; includeInIndex = 0; path = izhihu.app; sourceTree = BUILT_PRODUCTS_DIR; };
		43F33F5E1BE1A59A00AD6AF9 /* AppDelegate.swift */ = {isa = PBXFileReference; lastKnownFileType = sourcecode.swift; path = AppDelegate.swift; sourceTree = "<group>"; };
		43F33F631BE1A59A00AD6AF9 /* Base */ = {isa = PBXFileReference; lastKnownFileType = file.storyboard; name = Base; path = Base.lproj/Main.storyboard; sourceTree = "<group>"; };
		43F33F661BE1A59A00AD6AF9 /* izhihu.xcdatamodel */ = {isa = PBXFileReference; lastKnownFileType = wrapper.xcdatamodel; path = izhihu.xcdatamodel; sourceTree = "<group>"; };
		43F33F681BE1A59A00AD6AF9 /* Assets.xcassets */ = {isa = PBXFileReference; lastKnownFileType = folder.assetcatalog; path = Assets.xcassets; sourceTree = "<group>"; };
		43F33F6B1BE1A59A00AD6AF9 /* Base */ = {isa = PBXFileReference; lastKnownFileType = file.storyboard; name = Base; path = Base.lproj/LaunchScreen.storyboard; sourceTree = "<group>"; };
		43F33F6D1BE1A59A00AD6AF9 /* Info.plist */ = {isa = PBXFileReference; lastKnownFileType = text.plist.xml; path = Info.plist; sourceTree = "<group>"; };
		43F33F751BE1A5FE00AD6AF9 /* Alamofire.xcodeproj */ = {isa = PBXFileReference; lastKnownFileType = "wrapper.pb-project"; name = Alamofire.xcodeproj; path = library/Alamofire/Alamofire.xcodeproj; sourceTree = "<group>"; };
		43F33FB21BE1A9A200AD6AF9 /* zhihuNewsTableViewController.swift */ = {isa = PBXFileReference; fileEncoding = 4; lastKnownFileType = sourcecode.swift; path = zhihuNewsTableViewController.swift; sourceTree = "<group>"; };
		43F33FC71BE224A000AD6AF9 /* ImageLoader.swift */ = {isa = PBXFileReference; fileEncoding = 4; lastKnownFileType = sourcecode.swift; path = ImageLoader.swift; sourceTree = "<group>"; };
		43FF28141BE30DCE009A1165 /* zhihuTableViewCell.swift */ = {isa = PBXFileReference; fileEncoding = 4; lastKnownFileType = sourcecode.swift; path = zhihuTableViewCell.swift; sourceTree = "<group>"; };
		43FF28151BE30DCE009A1165 /* zhihuTableViewCell.xib */ = {isa = PBXFileReference; fileEncoding = 4; lastKnownFileType = file.xib; path = zhihuTableViewCell.xib; sourceTree = "<group>"; };
		43FF281F1BE31459009A1165 /* SwiftyJSON.swift */ = {isa = PBXFileReference; fileEncoding = 4; lastKnownFileType = sourcecode.swift; name = SwiftyJSON.swift; path = library/Alamofire/SwiftyJSON.swift; sourceTree = "<group>"; };
		43FF28241BE317B3009A1165 /* zhihuNewsDetailControllerViewController.swift */ = {isa = PBXFileReference; fileEncoding = 4; lastKnownFileType = sourcecode.swift; path = zhihuNewsDetailControllerViewController.swift; sourceTree = "<group>"; };
		43FF28301BE34950009A1165 /* welcomeViewController.swift */ = {isa = PBXFileReference; fileEncoding = 4; lastKnownFileType = sourcecode.swift; path = welcomeViewController.swift; sourceTree = "<group>"; };
		43FF28321BE34A02009A1165 /* utils.swift */ = {isa = PBXFileReference; fileEncoding = 4; lastKnownFileType = sourcecode.swift; path = utils.swift; sourceTree = "<group>"; };
/* End PBXFileReference section */

/* Begin PBXFrameworksBuildPhase section */
		43F33F581BE1A59A00AD6AF9 /* Frameworks */ = {
			isa = PBXFrameworksBuildPhase;
			buildActionMask = 2147483647;
			files = (
				43F33FAA1BE1A62700AD6AF9 /* Alamofire.framework in Frameworks */,
			);
			runOnlyForDeploymentPostprocessing = 0;
		};
/* End PBXFrameworksBuildPhase section */

/* Begin PBXGroup section */
		43F33F521BE1A59A00AD6AF9 = {
			isa = PBXGroup;
			children = (
				43F33F5D1BE1A59A00AD6AF9 /* izhihu */,
				43F33F5C1BE1A59A00AD6AF9 /* Products */,
			);
			sourceTree = "<group>";
		};
		43F33F5C1BE1A59A00AD6AF9 /* Products */ = {
			isa = PBXGroup;
			children = (
				43F33F5B1BE1A59A00AD6AF9 /* izhihu.app */,
			);
			name = Products;
			sourceTree = "<group>";
		};
		43F33F5D1BE1A59A00AD6AF9 /* izhihu */ = {
			isa = PBXGroup;
			children = (
				43FF281C1BE3143F009A1165 /* library */,
				43FF281B1BE31417009A1165 /* controller */,
				43FF281A1BE31406009A1165 /* view */,
				43F33F5E1BE1A59A00AD6AF9 /* AppDelegate.swift */,
				43F33F621BE1A59A00AD6AF9 /* Main.storyboard */,
				43F33F681BE1A59A00AD6AF9 /* Assets.xcassets */,
				43F33F6A1BE1A59A00AD6AF9 /* LaunchScreen.storyboard */,
				43F33F6D1BE1A59A00AD6AF9 /* Info.plist */,
				43F33F651BE1A59A00AD6AF9 /* izhihu.xcdatamodeld */,
				43FF28321BE34A02009A1165 /* utils.swift */,
			);
			path = izhihu;
			sourceTree = "<group>";
		};
		43F33F761BE1A5FE00AD6AF9 /* Products */ = {
			isa = PBXGroup;
			children = (
				43F33F801BE1A5FE00AD6AF9 /* Alamofire.framework */,
				43F33F821BE1A5FE00AD6AF9 /* Alamofire iOS Tests.xctest */,
				43F33F841BE1A5FE00AD6AF9 /* Alamofire.framework */,
				43F33F861BE1A5FE00AD6AF9 /* Alamofire OSX Tests.xctest */,
				43F33F881BE1A5FE00AD6AF9 /* Alamofire.framework */,
				43F33F8A1BE1A5FE00AD6AF9 /* Alamofire tvOS Tests.xctest */,
				43F33F8C1BE1A5FE00AD6AF9 /* Alamofire.framework */,
			);
			name = Products;
			sourceTree = "<group>";
		};
		43FF281A1BE31406009A1165 /* view */ = {
			isa = PBXGroup;
			children = (
				43FF28151BE30DCE009A1165 /* zhihuTableViewCell.xib */,
			);
			name = view;
			sourceTree = "<group>";
		};
		43FF281B1BE31417009A1165 /* controller */ = {
			isa = PBXGroup;
			children = (
				43F33FB21BE1A9A200AD6AF9 /* zhihuNewsTableViewController.swift */,
				43FF28141BE30DCE009A1165 /* zhihuTableViewCell.swift */,
				43FF28241BE317B3009A1165 /* zhihuNewsDetailControllerViewController.swift */,
				43FF28301BE34950009A1165 /* welcomeViewController.swift */,
			);
			name = controller;
			sourceTree = "<group>";
		};
		43FF281C1BE3143F009A1165 /* library */ = {
			isa = PBXGroup;
			children = (
				43F33FC71BE224A000AD6AF9 /* ImageLoader.swift */,
				43FF281F1BE31459009A1165 /* SwiftyJSON.swift */,
				43F33F751BE1A5FE00AD6AF9 /* Alamofire.xcodeproj */,
			);
			name = library;
			sourceTree = "<group>";
		};
/* End PBXGroup section */

/* Begin PBXNativeTarget section */
		43F33F5A1BE1A59A00AD6AF9 /* izhihu */ = {
			isa = PBXNativeTarget;
			buildConfigurationList = 43F33F701BE1A59A00AD6AF9 /* Build configuration list for PBXNativeTarget "izhihu" */;
			buildPhases = (
				43F33F571BE1A59A00AD6AF9 /* Sources */,
				43F33F581BE1A59A00AD6AF9 /* Frameworks */,
				43F33F591BE1A59A00AD6AF9 /* Resources */,
				43F33FA91BE1A61C00AD6AF9 /* Embed Frameworks */,
			);
			buildRules = (
			);
			dependencies = (
				43F33FAD1BE1A62700AD6AF9 /* PBXTargetDependency */,
			);
			name = izhihu;
			productName = izhihu;
			productReference = 43F33F5B1BE1A59A00AD6AF9 /* izhihu.app */;
			productType = "com.apple.product-type.application";
		};
/* End PBXNativeTarget section */

/* Begin PBXProject section */
		43F33F531BE1A59A00AD6AF9 /* Project object */ = {
			isa = PBXProject;
			attributes = {
				LastSwiftUpdateCheck = 0710;
				LastUpgradeCheck = 0710;
				ORGANIZATIONNAME = swift;
				TargetAttributes = {
					43F33F5A1BE1A59A00AD6AF9 = {
						CreatedOnToolsVersion = 7.1;
					};
				};
			};
			buildConfigurationList = 43F33F561BE1A59A00AD6AF9 /* Build configuration list for PBXProject "izhihu" */;
			compatibilityVersion = "Xcode 3.2";
			developmentRegion = English;
			hasScannedForEncodings = 0;
			knownRegions = (
				en,
				Base,
			);
			mainGroup = 43F33F521BE1A59A00AD6AF9;
			productRefGroup = 43F33F5C1BE1A59A00AD6AF9 /* Products */;
			projectDirPath = "";
			projectReferences = (
				{
					ProductGroup = 43F33F761BE1A5FE00AD6AF9 /* Products */;
					ProjectRef = 43F33F751BE1A5FE00AD6AF9 /* Alamofire.xcodeproj */;
				},
			);
			projectRoot = "";
			targets = (
				43F33F5A1BE1A59A00AD6AF9 /* izhihu */,
			);
		};
/* End PBXProject section */

/* Begin PBXReferenceProxy section */
		43F33F801BE1A5FE00AD6AF9 /* Alamofire.framework */ = {
			isa = PBXReferenceProxy;
			fileType = wrapper.framework;
			path = Alamofire.framework;
			remoteRef = 43F33F7F1BE1A5FE00AD6AF9 /* PBXContainerItemProxy */;
			sourceTree = BUILT_PRODUCTS_DIR;
		};
		43F33F821BE1A5FE00AD6AF9 /* Alamofire iOS Tests.xctest */ = {
			isa = PBXReferenceProxy;
			fileType = wrapper.cfbundle;
			path = "Alamofire iOS Tests.xctest";
			remoteRef = 43F33F811BE1A5FE00AD6AF9 /* PBXContainerItemProxy */;
			sourceTree = BUILT_PRODUCTS_DIR;
		};
		43F33F841BE1A5FE00AD6AF9 /* Alamofire.framework */ = {
			isa = PBXReferenceProxy;
			fileType = wrapper.framework;
			path = Alamofire.framework;
			remoteRef = 43F33F831BE1A5FE00AD6AF9 /* PBXContainerItemProxy */;
			sourceTree = BUILT_PRODUCTS_DIR;
		};
		43F33F861BE1A5FE00AD6AF9 /* Alamofire OSX Tests.xctest */ = {
			isa = PBXReferenceProxy;
			fileType = wrapper.cfbundle;
			path = "Alamofire OSX Tests.xctest";
			remoteRef = 43F33F851BE1A5FE00AD6AF9 /* PBXContainerItemProxy */;
			sourceTree = BUILT_PRODUCTS_DIR;
		};
		43F33F881BE1A5FE00AD6AF9 /* Alamofire.framework */ = {
			isa = PBXReferenceProxy;
			fileType = wrapper.framework;
			path = Alamofire.framework;
			remoteRef = 43F33F871BE1A5FE00AD6AF9 /* PBXContainerItemProxy */;
			sourceTree = BUILT_PRODUCTS_DIR;
		};
		43F33F8A1BE1A5FE00AD6AF9 /* Alamofire tvOS Tests.xctest */ = {
			isa = PBXReferenceProxy;
			fileType = wrapper.cfbundle;
			path = "Alamofire tvOS Tests.xctest";
			remoteRef = 43F33F891BE1A5FE00AD6AF9 /* PBXContainerItemProxy */;
			sourceTree = BUILT_PRODUCTS_DIR;
		};
		43F33F8C1BE1A5FE00AD6AF9 /* Alamofire.framework */ = {
			isa = PBXReferenceProxy;
			fileType = wrapper.framework;
			path = Alamofire.framework;
			remoteRef = 43F33F8B1BE1A5FE00AD6AF9 /* PBXContainerItemProxy */;
			sourceTree = BUILT_PRODUCTS_DIR;
		};
/* End PBXReferenceProxy section */

/* Begin PBXResourcesBuildPhase section */
		43F33F591BE1A59A00AD6AF9 /* Resources */ = {
			isa = PBXResourcesBuildPhase;
			buildActionMask = 2147483647;
			files = (
				43F33F6C1BE1A59A00AD6AF9 /* LaunchScreen.storyboard in Resources */,
				43FF28171BE30DCE009A1165 /* zhihuTableViewCell.xib in Resources */,
				43F33F691BE1A59A00AD6AF9 /* Assets.xcassets in Resources */,
				43F33F641BE1A59A00AD6AF9 /* Main.storyboard in Resources */,
			);
			runOnlyForDeploymentPostprocessing = 0;
		};
/* End PBXResourcesBuildPhase section */

/* Begin PBXSourcesBuildPhase section */
		43F33F571BE1A59A00AD6AF9 /* Sources */ = {
			isa = PBXSourcesBuildPhase;
			buildActionMask = 2147483647;
			files = (
				43F33F5F1BE1A59A00AD6AF9 /* AppDelegate.swift in Sources */,
				43FF28251BE317B3009A1165 /* zhihuNewsDetailControllerViewController.swift in Sources */,
				43F33FC81BE224A000AD6AF9 /* ImageLoader.swift in Sources */,
				43FF28311BE34950009A1165 /* welcomeViewController.swift in Sources */,
				43FF28161BE30DCE009A1165 /* zhihuTableViewCell.swift in Sources */,
				43FF28331BE34A02009A1165 /* utils.swift in Sources */,
				43F33FB31BE1A9A200AD6AF9 /* zhihuNewsTableViewController.swift in Sources */,
				43F33F671BE1A59A00AD6AF9 /* izhihu.xcdatamodeld in Sources */,
				43FF28201BE31459009A1165 /* SwiftyJSON.swift in Sources */,
			);
			runOnlyForDeploymentPostprocessing = 0;
		};
/* End PBXSourcesBuildPhase section */

/* Begin PBXTargetDependency section */
		43F33FAD1BE1A62700AD6AF9 /* PBXTargetDependency */ = {
			isa = PBXTargetDependency;
			name = "Alamofire iOS";
			targetProxy = 43F33FAC1BE1A62700AD6AF9 /* PBXContainerItemProxy */;
		};
/* End PBXTargetDependency section */

/* Begin PBXVariantGroup section */
		43F33F621BE1A59A00AD6AF9 /* Main.storyboard */ = {
			isa = PBXVariantGroup;
			children = (
				43F33F631BE1A59A00AD6AF9 /* Base */,
			);
			name = Main.storyboard;
			sourceTree = "<group>";
		};
		43F33F6A1BE1A59A00AD6AF9 /* LaunchScreen.storyboard */ = {
			isa = PBXVariantGroup;
			children = (
				43F33F6B1BE1A59A00AD6AF9 /* Base */,
			);
			name = LaunchScreen.storyboard;
			sourceTree = "<group>";
		};
/* End PBXVariantGroup section */

/* Begin XCBuildConfiguration section */
		43F33F6E1BE1A59A00AD6AF9 /* Debug */ = {
			isa = XCBuildConfiguration;
			buildSettings = {
				ALWAYS_SEARCH_USER_PATHS = NO;
				CLANG_CXX_LANGUAGE_STANDARD = "gnu++0x";
				CLANG_CXX_LIBRARY = "libc++";
				CLANG_ENABLE_MODULES = YES;
				CLANG_ENABLE_OBJC_ARC = YES;
				CLANG_WARN_BOOL_CONVERSION = YES;
				CLANG_WARN_CONSTANT_CONVERSION = YES;
				CLANG_WARN_DIRECT_OBJC_ISA_USAGE = YES_ERROR;
				CLANG_WARN_EMPTY_BODY = YES;
				CLANG_WARN_ENUM_CONVERSION = YES;
				CLANG_WARN_INT_CONVERSION = YES;
				CLANG_WARN_OBJC_ROOT_CLASS = YES_ERROR;
				CLANG_WARN_UNREACHABLE_CODE = YES;
				CLANG_WARN__DUPLICATE_METHOD_MATCH = YES;
				"CODE_SIGN_IDENTITY[sdk=iphoneos*]" = "iPhone Developer";
				COPY_PHASE_STRIP = NO;
				DEBUG_INFORMATION_FORMAT = dwarf;
				ENABLE_STRICT_OBJC_MSGSEND = YES;
				ENABLE_TESTABILITY = YES;
				GCC_C_LANGUAGE_STANDARD = gnu99;
				GCC_DYNAMIC_NO_PIC = NO;
				GCC_NO_COMMON_BLOCKS = YES;
				GCC_OPTIMIZATION_LEVEL = 0;
				GCC_PREPROCESSOR_DEFINITIONS = (
					"DEBUG=1",
					"$(inherited)",
				);
				GCC_WARN_64_TO_32_BIT_CONVERSION = YES;
				GCC_WARN_ABOUT_RETURN_TYPE = YES_ERROR;
				GCC_WARN_UNDECLARED_SELECTOR = YES;
				GCC_WARN_UNINITIALIZED_AUTOS = YES_AGGRESSIVE;
				GCC_WARN_UNUSED_FUNCTION = YES;
				GCC_WARN_UNUSED_VARIABLE = YES;
				IPHONEOS_DEPLOYMENT_TARGET = 9.1;
				MTL_ENABLE_DEBUG_INFO = YES;
				ONLY_ACTIVE_ARCH = YES;
				SDKROOT = iphoneos;
				SWIFT_OPTIMIZATION_LEVEL = "-Onone";
				TARGETED_DEVICE_FAMILY = "1,2";
			};
			name = Debug;
		};
		43F33F6F1BE1A59A00AD6AF9 /* Release */ = {
			isa = XCBuildConfiguration;
			buildSettings = {
				ALWAYS_SEARCH_USER_PATHS = NO;
				CLANG_CXX_LANGUAGE_STANDARD = "gnu++0x";
				CLANG_CXX_LIBRARY = "libc++";
				CLANG_ENABLE_MODULES = YES;
				CLANG_ENABLE_OBJC_ARC = YES;
				CLANG_WARN_BOOL_CONVERSION = YES;
				CLANG_WARN_CONSTANT_CONVERSION = YES;
				CLANG_WARN_DIRECT_OBJC_ISA_USAGE = YES_ERROR;
				CLANG_WARN_EMPTY_BODY = YES;
				CLANG_WARN_ENUM_CONVERSION = YES;
				CLANG_WARN_INT_CONVERSION = YES;
				CLANG_WARN_OBJC_ROOT_CLASS = YES_ERROR;
				CLANG_WARN_UNREACHABLE_CODE = YES;
				CLANG_WARN__DUPLICATE_METHOD_MATCH = YES;
				"CODE_SIGN_IDENTITY[sdk=iphoneos*]" = "iPhone Developer";
				COPY_PHASE_STRIP = NO;
				DEBUG_INFORMATION_FORMAT = "dwarf-with-dsym";
				ENABLE_NS_ASSERTIONS = NO;
				ENABLE_STRICT_OBJC_MSGSEND = YES;
				GCC_C_LANGUAGE_STANDARD = gnu99;
				GCC_NO_COMMON_BLOCKS = YES;
				GCC_WARN_64_TO_32_BIT_CONVERSION = YES;
				GCC_WARN_ABOUT_RETURN_TYPE = YES_ERROR;
				GCC_WARN_UNDECLARED_SELECTOR = YES;
				GCC_WARN_UNINITIALIZED_AUTOS = YES_AGGRESSIVE;
				GCC_WARN_UNUSED_FUNCTION = YES;
				GCC_WARN_UNUSED_VARIABLE = YES;
				IPHONEOS_DEPLOYMENT_TARGET = 9.1;
				MTL_ENABLE_DEBUG_INFO = NO;
				SDKROOT = iphoneos;
				TARGETED_DEVICE_FAMILY = "1,2";
				VALIDATE_PRODUCT = YES;
			};
			name = Release;
		};
		43F33F711BE1A59A00AD6AF9 /* Debug */ = {
			isa = XCBuildConfiguration;
			buildSettings = {
				ASSETCATALOG_COMPILER_APPICON_NAME = AppIcon;
				EMBEDDED_CONTENT_CONTAINS_SWIFT = YES;
				INFOPLIST_FILE = izhihu/Info.plist;
				IPHONEOS_DEPLOYMENT_TARGET = 8.4;
				LD_RUNPATH_SEARCH_PATHS = "$(inherited) @executable_path/Frameworks";
				PRODUCT_BUNDLE_IDENTIFIER = chensb.izhihu;
				PRODUCT_NAME = "$(TARGET_NAME)";
			};
			name = Debug;
		};
		43F33F721BE1A59A00AD6AF9 /* Release */ = {
			isa = XCBuildConfiguration;
			buildSettings = {
				ASSETCATALOG_COMPILER_APPICON_NAME = AppIcon;
				EMBEDDED_CONTENT_CONTAINS_SWIFT = YES;
				INFOPLIST_FILE = izhihu/Info.plist;
				IPHONEOS_DEPLOYMENT_TARGET = 8.4;
				LD_RUNPATH_SEARCH_PATHS = "$(inherited) @executable_path/Frameworks";
				PRODUCT_BUNDLE_IDENTIFIER = chensb.izhihu;
				PRODUCT_NAME = "$(TARGET_NAME)";
			};
			name = Release;
		};
/* End XCBuildConfiguration section */

/* Begin XCConfigurationList section */
		43F33F561BE1A59A00AD6AF9 /* Build configuration list for PBXProject "izhihu" */ = {
			isa = XCConfigurationList;
			buildConfigurations = (
				43F33F6E1BE1A59A00AD6AF9 /* Debug */,
				43F33F6F1BE1A59A00AD6AF9 /* Release */,
			);
			defaultConfigurationIsVisible = 0;
			defaultConfigurationName = Release;
		};
		43F33F701BE1A59A00AD6AF9 /* Build configuration list for PBXNativeTarget "izhihu" */ = {
			isa = XCConfigurationList;
			buildConfigurations = (
				43F33F711BE1A59A00AD6AF9 /* Debug */,
				43F33F721BE1A59A00AD6AF9 /* Release */,
			);
			defaultConfigurationIsVisible = 0;
			defaultConfigurationName = Release;
		};
/* End XCConfigurationList section */

/* Begin XCVersionGroup section */
		43F33F651BE1A59A00AD6AF9 /* izhihu.xcdatamodeld */ = {
			isa = XCVersionGroup;
			children = (
				43F33F661BE1A59A00AD6AF9 /* izhihu.xcdatamodel */,
			);
			currentVersion = 43F33F661BE1A59A00AD6AF9 /* izhihu.xcdatamodel */;
			path = izhihu.xcdatamodeld;
			sourceTree = "<group>";
			versionGroupType = wrapper.xcdatamodel;
		};
/* End XCVersionGroup section */
	};
	rootObject = 43F33F531BE1A59A00AD6AF9 /* Project object */;
}
